
Microsoft Visual Studio Solution File, Format Version 12.00
# Visual Studio 15
VisualStudioVersion = 15.0.28307.705
MinimumVisualStudioVersion = 10.0.40219.1
Project("{FAE04EC0-301F-11D3-BF4B-00C04F79EFBC}") = "encapsulation", "encapsulation\encapsulation.csproj", "{E59A4034-113F-4472-97E8-7A75DA6B2712}"
EndProject
Project("{FAE04EC0-301F-11D3-BF4B-00C04F79EFBC}") = "student-records", "student-records\student-records.csproj", "{4201AE46-57C2-459B-BF0F-EFF1CA1B64AD}"
EndProject
Project("{FAE04EC0-301F-11D3-BF4B-00C04F79EFBC}") = "box-dimensions", "box-dimensions\box-dimensions.csproj", "{4D547A3E-6F69-479C-B163-F87B1845DF28}"
EndProject
Global
	GlobalSection(SolutionConfigurationPlatforms) = preSolution
		Debug|Any CPU = Debug|Any CPU
		Release|Any CPU = Release|Any CPU
	EndGlobalSection
	GlobalSection(ProjectConfigurationPlatforms) = postSolution
		{E59A4034-113F-4472-97E8-7A75DA6B2712}.Debug|Any CPU.ActiveCfg = Debug|Any CPU
		{E59A4034-113F-4472-97E8-7A75DA6B2712}.Debug|Any CPU.Build.0 = Debug|Any CPU
		{E59A4034-113F-4472-97E8-7A75DA6B2712}.Release|Any CPU.ActiveCfg = Release|Any CPU
		{E59A4034-113F-4472-97E8-7A75DA6B2712}.Release|Any CPU.Build.0 = Release|Any CPU
		{4201AE46-57C2-459B-BF0F-EFF1CA1B64AD}.Debug|Any CPU.ActiveCfg = Debug|Any CPU
		{4201AE46-57C2-459B-BF0F-EFF1CA1B64AD}.Debug|Any CPU.Build.0 = Debug|Any CPU
		{4201AE46-57C2-459B-BF0F-EFF1CA1B64AD}.Release|Any CPU.ActiveCfg = Release|Any CPU
		{4201AE46-57C2-459B-BF0F-EFF1CA1B64AD}.Release|Any CPU.Build.0 = Release|Any CPU
		{4D547A3E-6F69-479C-B163-F87B1845DF28}.Debug|Any CPU.ActiveCfg = Debug|Any CPU
		{4D547A3E-6F69-479C-B163-F87B1845DF28}.Debug|Any CPU.Build.0 = Debug|Any CPU
		{4D547A3E-6F69-479C-B163-F87B1845DF28}.Release|Any CPU.ActiveCfg = Release|Any CPU
		{4D547A3E-6F69-479C-B163-F87B1845DF28}.Release|Any CPU.Build.0 = Release|Any CPU
	EndGlobalSection
	GlobalSection(SolutionProperties) = preSolution
		HideSolutionNode = FALSE
	EndGlobalSection
	GlobalSection(ExtensibilityGlobals) = postSolution
		SolutionGuid = {D1587652-94C7-4D77-B2F5-50779D5D80C0}
	EndGlobalSection
EndGlobal
